
Microsoft Visual Studio Solution File, Format Version 12.00
# Visual Studio Version 17
VisualStudioVersion = 17.10.35027.167
MinimumVisualStudioVersion = 10.0.40219.1
Project("{FAE04EC0-301F-11D3-BF4B-00C04F79EFBC}") = "CRUD-Operators", "CRUD-Operators\CRUD-Operators.csproj", "{1D85759E-1289-4AF0-9B36-4DE130CBB6AD}"
EndProject
Project("{FAE04EC0-301F-11D3-BF4B-00C04F79EFBC}") = "Calculator", "Calculator\Calculator.csproj", "{B09577DC-E8B9-434D-9667-B10A4AC14354}"
EndProject
Global
	GlobalSection(SolutionConfigurationPlatforms) = preSolution
		Debug|Any CPU = Debug|Any CPU
		Release|Any CPU = Release|Any CPU
	EndGlobalSection
	GlobalSection(ProjectConfigurationPlatforms) = postSolution
		{1D85759E-1289-4AF0-9B36-4DE130CBB6AD}.Debug|Any CPU.ActiveCfg = Debug|Any CPU
		{1D85759E-1289-4AF0-9B36-4DE130CBB6AD}.Debug|Any CPU.Build.0 = Debug|Any CPU
		{1D85759E-1289-4AF0-9B36-4DE130CBB6AD}.Release|Any CPU.ActiveCfg = Release|Any CPU
		{1D85759E-1289-4AF0-9B36-4DE130CBB6AD}.Release|Any CPU.Build.0 = Release|Any CPU
		{B09577DC-E8B9-434D-9667-B10A4AC14354}.Debug|Any CPU.ActiveCfg = Debug|Any CPU
		{B09577DC-E8B9-434D-9667-B10A4AC14354}.Debug|Any CPU.Build.0 = Debug|Any CPU
		{B09577DC-E8B9-434D-9667-B10A4AC14354}.Release|Any CPU.ActiveCfg = Release|Any CPU
		{B09577DC-E8B9-434D-9667-B10A4AC14354}.Release|Any CPU.Build.0 = Release|Any CPU
	EndGlobalSection
	GlobalSection(SolutionProperties) = preSolution
		HideSolutionNode = FALSE
	EndGlobalSection
	GlobalSection(ExtensibilityGlobals) = postSolution
		SolutionGuid = {4D7E56CF-138E-461E-89C0-2EABFCC0B4A4}
	EndGlobalSection
EndGlobal
